<Solution>
  <Configurations>
    <Platform Name="ARM64" />
    <Platform Name="x64" />
    <Platform Name="x86" />
  </Configurations>
  <Project Path="Summary/Summary.csproj" Id="8503cf37-8006-4a96-840e-084109689c47">
    <Platform Solution="*|ARM64" Project="ARM64" />
    <Platform Solution="*|x64" Project="x64" />
    <Platform Solution="*|x86" Project="x86" />
    <Deploy />
  </Project>
</Solution>
